
Microsoft Visual Studio Solution File, Format Version 12.00
# Visual Studio Version 17
VisualStudioVersion = 17.2.32516.85
MinimumVisualStudioVersion = 10.0.40219.1
Project("{9A19103F-16F7-4668-BE54-9A1E7A4F7556}") = "InsertNbp.Web", "InsertNbp\InsertNbp.Web.csproj", "{D7A6B4AB-54DA-4C02-9869-AC1C8F986128}"
EndProject
Project("{9A19103F-16F7-4668-BE54-9A1E7A4F7556}") = "InsertNbp.Domain", "InsertNbp.Domain\InsertNbp.Domain.csproj", "{41E78B94-01CC-4497-AC4E-6C075001144A}"
EndProject
Project("{9A19103F-16F7-4668-BE54-9A1E7A4F7556}") = "InsertNbp.DbRepository", "InsertNbp.DbRepository\InsertNbp.DbRepository.csproj", "{5DD6BC25-E5E4-4E1A-BA85-D087153C51E5}"
EndProject
Project("{9A19103F-16F7-4668-BE54-9A1E7A4F7556}") = "InsertNbp.NbpApi", "InsertNbp.NbpApi\InsertNbp.NbpApi.csproj", "{E8F28903-96D8-414A-9C75-F2852C18DD5F}"
EndProject
Project("{FAE04EC0-301F-11D3-BF4B-00C04F79EFBC}") = "InsertNbp.Commands", "InsertNbp.Commands\InsertNbp.Commands.csproj", "{866D8DEA-85BF-4187-88AE-E692D319FBD3}"
EndProject
Global
	GlobalSection(SolutionConfigurationPlatforms) = preSolution
		Debug|Any CPU = Debug|Any CPU
		Release|Any CPU = Release|Any CPU
	EndGlobalSection
	GlobalSection(ProjectConfigurationPlatforms) = postSolution
		{D7A6B4AB-54DA-4C02-9869-AC1C8F986128}.Debug|Any CPU.ActiveCfg = Debug|Any CPU
		{D7A6B4AB-54DA-4C02-9869-AC1C8F986128}.Debug|Any CPU.Build.0 = Debug|Any CPU
		{D7A6B4AB-54DA-4C02-9869-AC1C8F986128}.Release|Any CPU.ActiveCfg = Release|Any CPU
		{D7A6B4AB-54DA-4C02-9869-AC1C8F986128}.Release|Any CPU.Build.0 = Release|Any CPU
		{41E78B94-01CC-4497-AC4E-6C075001144A}.Debug|Any CPU.ActiveCfg = Debug|Any CPU
		{41E78B94-01CC-4497-AC4E-6C075001144A}.Debug|Any CPU.Build.0 = Debug|Any CPU
		{41E78B94-01CC-4497-AC4E-6C075001144A}.Release|Any CPU.ActiveCfg = Release|Any CPU
		{41E78B94-01CC-4497-AC4E-6C075001144A}.Release|Any CPU.Build.0 = Release|Any CPU
		{5DD6BC25-E5E4-4E1A-BA85-D087153C51E5}.Debug|Any CPU.ActiveCfg = Debug|Any CPU
		{5DD6BC25-E5E4-4E1A-BA85-D087153C51E5}.Debug|Any CPU.Build.0 = Debug|Any CPU
		{5DD6BC25-E5E4-4E1A-BA85-D087153C51E5}.Release|Any CPU.ActiveCfg = Release|Any CPU
		{5DD6BC25-E5E4-4E1A-BA85-D087153C51E5}.Release|Any CPU.Build.0 = Release|Any CPU
		{E8F28903-96D8-414A-9C75-F2852C18DD5F}.Debug|Any CPU.ActiveCfg = Debug|Any CPU
		{E8F28903-96D8-414A-9C75-F2852C18DD5F}.Debug|Any CPU.Build.0 = Debug|Any CPU
		{E8F28903-96D8-414A-9C75-F2852C18DD5F}.Release|Any CPU.ActiveCfg = Release|Any CPU
		{E8F28903-96D8-414A-9C75-F2852C18DD5F}.Release|Any CPU.Build.0 = Release|Any CPU
		{866D8DEA-85BF-4187-88AE-E692D319FBD3}.Debug|Any CPU.ActiveCfg = Debug|Any CPU
		{866D8DEA-85BF-4187-88AE-E692D319FBD3}.Debug|Any CPU.Build.0 = Debug|Any CPU
		{866D8DEA-85BF-4187-88AE-E692D319FBD3}.Release|Any CPU.ActiveCfg = Release|Any CPU
		{866D8DEA-85BF-4187-88AE-E692D319FBD3}.Release|Any CPU.Build.0 = Release|Any CPU
	EndGlobalSection
	GlobalSection(SolutionProperties) = preSolution
		HideSolutionNode = FALSE
	EndGlobalSection
	GlobalSection(ExtensibilityGlobals) = postSolution
		SolutionGuid = {FC6910E6-7845-4B5B-AA42-95F69B816FE0}
	EndGlobalSection
EndGlobal
